
Microsoft Visual Studio Solution File, Format Version 12.00
# Visual Studio Version 17
VisualStudioVersion = 17.1.32210.238
MinimumVisualStudioVersion = 10.0.40219.1
Project("{FAE04EC0-301F-11D3-BF4B-00C04F79EFBC}") = "AisWebApp", "AisWebApp.csproj", "{4AB62CB6-22B1-453A-BFB5-2E495DD6B219}"
EndProject
Global
	GlobalSection(SolutionConfigurationPlatforms) = preSolution
		Debug|Any CPU = Debug|Any CPU
		Release|Any CPU = Release|Any CPU
	EndGlobalSection
	GlobalSection(ProjectConfigurationPlatforms) = postSolution
		{4AB62CB6-22B1-453A-BFB5-2E495DD6B219}.Debug|Any CPU.ActiveCfg = Debug|Any CPU
		{4AB62CB6-22B1-453A-BFB5-2E495DD6B219}.Debug|Any CPU.Build.0 = Debug|Any CPU
		{4AB62CB6-22B1-453A-BFB5-2E495DD6B219}.Release|Any CPU.ActiveCfg = Release|Any CPU
		{4AB62CB6-22B1-453A-BFB5-2E495DD6B219}.Release|Any CPU.Build.0 = Release|Any CPU
	EndGlobalSection
	GlobalSection(SolutionProperties) = preSolution
		HideSolutionNode = FALSE
	EndGlobalSection
	GlobalSection(ExtensibilityGlobals) = postSolution
		SolutionGuid = {DCEEDD41-30A1-4DB4-805C-8F542D31539B}
	EndGlobalSection
EndGlobal
